<?xml version="1.0" encoding="utf-8"?>
<Project ToolsVersion="4.0" xmlns="http://schemas.microsoft.com/developer/msbuild/2003">
  <ItemGroup>
    <Filter Include="Resource Files">
      <UniqueIdentifier>{67DA6AB6-F800-4c08-8B7A-83BB121AAD01}</UniqueIdentifier>
      <Extensions>rc;ico;cur;bmp;dlg;rc2;rct;bin;rgs;gif;jpg;jpeg;jpe;resx;tiff;tif;png;wav;mfcribbon-ms</Extensions>
    </Filter>
    <Filter Include="Precompiled">
      <UniqueIdentifier>{9676347f-e09e-4a2a-b0fd-ce2e57bf3337}</UniqueIdentifier>
    </Filter>
    <Filter Include="Services">
      <UniqueIdentifier>{2c75226f-a989-41b0-a986-d1b93fe06691}</UniqueIdentifier>
    </Filter>
    <Filter Include="Elements">
      <UniqueIdentifier>{6e9469fb-58b0-406e-b69c-120a852c8d18}</UniqueIdentifier>
    </Filter>
    <Filter Include="Util">
      <UniqueIdentifier>{9278ca78-dc16-460b-b2a4-aaf50697f342}</UniqueIdentifier>
    </Filter>
    <Filter Include="Controls">
      <UniqueIdentifier>{f301aa11-11bf-4abf-baa8-4412cbcd384a}</UniqueIdentifier>
    </Filter>
    <Filter Include="ViewModelBase">
      <UniqueIdentifier>{e0e57b37-54d7-4a13-ad9c-f8641b738afc}</UniqueIdentifier>
    </Filter>
  </ItemGroup>
  <ItemGroup>
    <ClInclude Include="Precompiled.h">
      <Filter>Precompiled</Filter>
    </ClInclude>
    <ClInclude Include="ElementManager.h">
      <Filter>Services</Filter>
    </ClInclude>
    <ClInclude Include="Element.h">
      <Filter>Elements</Filter>
    </ClInclude>
    <ClInclude Include="Structs.h">
      <Filter>Util</Filter>
    </ClInclude>
    <ClInclude Include="Control.h">
      <Filter>Controls</Filter>
    </ClInclude>
    <ClInclude Include="Button.h">
      <Filter>Controls</Filter>
    </ClInclude>
    <ClInclude Include="VerticalRepeaterElement.h">
      <Filter>Elements</Filter>
    </ClInclude>
    <ClInclude Include="ViewModelBase.h">
      <Filter>ViewModelBase</Filter>
    </ClInclude>
  </ItemGroup>
  <ItemGroup>
    <ClCompile Include="Precompiled.cpp">
      <Filter>Precompiled</Filter>
    </ClCompile>
    <ClCompile Include="ElementManager.cpp">
      <Filter>Services</Filter>
    </ClCompile>
    <ClCompile Include="Element.cpp">
      <Filter>Elements</Filter>
    </ClCompile>
    <ClCompile Include="Structs.cpp">
      <Filter>Util</Filter>
    </ClCompile>
    <ClCompile Include="Control.cpp">
      <Filter>Controls</Filter>
    </ClCompile>
    <ClCompile Include="Button.cpp">
      <Filter>Controls</Filter>
    </ClCompile>
    <ClCompile Include="VerticalRepeaterElement.cpp">
      <Filter>Elements</Filter>
    </ClCompile>
    <ClCompile Include="ViewModelBase.cpp">
      <Filter>ViewModelBase</Filter>
    </ClCompile>
  </ItemGroup>
</Project>